// !$*UTF8*$!
{
	archiveVersion = 1;
	classes = {
	};
	objectVersion = 46;
	objects = {

/* Begin PBXBuildFile section */
		23803B6718E81CE9005829BC /* Foundation.framework in Frameworks */ = {isa = PBXBuildFile; fileRef = 23803B6618E81CE9005829BC /* Foundation.framework */; };
		23803B6C18E81CE9005829BC /* PodLib.h in CopyFiles */ = {isa = PBXBuildFile; fileRef = 23803B6B18E81CE9005829BC /* PodLib.h */; };
		23803B6E18E81CE9005829BC /* PodLib.m in Sources */ = {isa = PBXBuildFile; fileRef = 23803B6D18E81CE9005829BC /* PodLib.m */; };
		23803B7518E81CE9005829BC /* XCTest.framework in Frameworks */ = {isa = PBXBuildFile; fileRef = 23803B7418E81CE9005829BC /* XCTest.framework */; };
		23803B7618E81CE9005829BC /* Foundation.framework in Frameworks */ = {isa = PBXBuildFile; fileRef = 23803B6618E81CE9005829BC /* Foundation.framework */; };
		23803B7818E81CE9005829BC /* UIKit.framework in Frameworks */ = {isa = PBXBuildFile; fileRef = 23803B7718E81CE9005829BC /* UIKit.framework */; };
		23803B7B18E81CE9005829BC /* libPodLib.a in Frameworks */ = {isa = PBXBuildFile; fileRef = 23803B6318E81CE9005829BC /* libPodLib.a */; };
		23803B8118E81CE9005829BC /* InfoPlist.strings in Resources */ = {isa = PBXBuildFile; fileRef = 23803B7F18E81CE9005829BC /* InfoPlist.strings */; };
		23803B8318E81CE9005829BC /* PodLibTests.m in Sources */ = {isa = PBXBuildFile; fileRef = 23803B8218E81CE9005829BC /* PodLibTests.m */; };
/* End PBXBuildFile section */

/* Begin PBXContainerItemProxy section */
		23803B7918E81CE9005829BC /* PBXContainerItemProxy */ = {
			isa = PBXContainerItemProxy;
			containerPortal = 23803B5B18E81CE9005829BC /* Project object */;
			proxyType = 1;
			remoteGlobalIDString = 23803B6218E81CE9005829BC;
			remoteInfo = PodLib;
		};
/* End PBXContainerItemProxy section */

/* Begin PBXCopyFilesBuildPhase section */
		23803B6118E81CE9005829BC /* CopyFiles */ = {
			isa = PBXCopyFilesBuildPhase;
			buildActionMask = 2147483647;
			dstPath = "include/$(PRODUCT_NAME)";
			dstSubfolderSpec = 16;
			files = (
				23803B6C18E81CE9005829BC /* PodLib.h in CopyFiles */,
			);
			runOnlyForDeploymentPostprocessing = 0;
		};
/* End PBXCopyFilesBuildPhase section */

/* Begin PBXFileReference section */
		23803B6318E81CE9005829BC /* libPodLib.a */ = {isa = PBXFileReference; explicitFileType = archive.ar; includeInIndex = 0; path = libPodLib.a; sourceTree = BUILT_PRODUCTS_DIR; };
		23803B6618E81CE9005829BC /* Foundation.framework */ = {isa = PBXFileReference; lastKnownFileType = wrapper.framework; name = Foundation.framework; path = System/Library/Frameworks/Foundation.framework; sourceTree = SDKROOT; };
		23803B6A18E81CE9005829BC /* PodLib-Prefix.pch */ = {isa = PBXFileReference; lastKnownFileType = sourcecode.c.h; path = "PodLib-Prefix.pch"; sourceTree = "<group>"; };
		23803B6B18E81CE9005829BC /* PodLib.h */ = {isa = PBXFileReference; lastKnownFileType = sourcecode.c.h; path = PodLib.h; sourceTree = "<group>"; };
		23803B6D18E81CE9005829BC /* PodLib.m */ = {isa = PBXFileReference; lastKnownFileType = sourcecode.c.objc; path = PodLib.m; sourceTree = "<group>"; };
		23803B7318E81CE9005829BC /* PodLibTests.xctest */ = {isa = PBXFileReference; explicitFileType = wrapper.cfbundle; includeInIndex = 0; path = PodLibTests.xctest; sourceTree = BUILT_PRODUCTS_DIR; };
		23803B7418E81CE9005829BC /* XCTest.framework */ = {isa = PBXFileReference; lastKnownFileType = wrapper.framework; name = XCTest.framework; path = Library/Frameworks/XCTest.framework; sourceTree = DEVELOPER_DIR; };
		23803B7718E81CE9005829BC /* UIKit.framework */ = {isa = PBXFileReference; lastKnownFileType = wrapper.framework; name = UIKit.framework; path = Library/Frameworks/UIKit.framework; sourceTree = DEVELOPER_DIR; };
		23803B7E18E81CE9005829BC /* PodLibTests-Info.plist */ = {isa = PBXFileReference; lastKnownFileType = text.plist.xml; path = "PodLibTests-Info.plist"; sourceTree = "<group>"; };
		23803B8018E81CE9005829BC /* en */ = {isa = PBXFileReference; lastKnownFileType = text.plist.strings; name = en; path = en.lproj/InfoPlist.strings; sourceTree = "<group>"; };
		23803B8218E81CE9005829BC /* PodLibTests.m */ = {isa = PBXFileReference; lastKnownFileType = sourcecode.c.objc; path = PodLibTests.m; sourceTree = "<group>"; };
/* End PBXFileReference section */

/* Begin PBXFrameworksBuildPhase section */
		23803B6018E81CE9005829BC /* Frameworks */ = {
			isa = PBXFrameworksBuildPhase;
			buildActionMask = 2147483647;
			files = (
				23803B6718E81CE9005829BC /* Foundation.framework in Frameworks */,
			);
			runOnlyForDeploymentPostprocessing = 0;
		};
		23803B7018E81CE9005829BC /* Frameworks */ = {
			isa = PBXFrameworksBuildPhase;
			buildActionMask = 2147483647;
			files = (
				23803B7518E81CE9005829BC /* XCTest.framework in Frameworks */,
				23803B7818E81CE9005829BC /* UIKit.framework in Frameworks */,
				23803B7618E81CE9005829BC /* Foundation.framework in Frameworks */,
				23803B7B18E81CE9005829BC /* libPodLib.a in Frameworks */,
			);
			runOnlyForDeploymentPostprocessing = 0;
		};
/* End PBXFrameworksBuildPhase section */

/* Begin PBXGroup section */
		23803B5A18E81CE9005829BC = {
			isa = PBXGroup;
			children = (
				23803B6818E81CE9005829BC /* PodLib */,
				23803B7C18E81CE9005829BC /* PodLibTests */,
				23803B6518E81CE9005829BC /* Frameworks */,
				23803B6418E81CE9005829BC /* Products */,
			);
			sourceTree = "<group>";
		};
		23803B6418E81CE9005829BC /* Products */ = {
			isa = PBXGroup;
			children = (
				23803B6318E81CE9005829BC /* libPodLib.a */,
				23803B7318E81CE9005829BC /* PodLibTests.xctest */,
			);
			name = Products;
			sourceTree = "<group>";
		};
		23803B6518E81CE9005829BC /* Frameworks */ = {
			isa = PBXGroup;
			children = (
				23803B6618E81CE9005829BC /* Foundation.framework */,
				23803B7418E81CE9005829BC /* XCTest.framework */,
				23803B7718E81CE9005829BC /* UIKit.framework */,
			);
			name = Frameworks;
			sourceTree = "<group>";
		};
		23803B6818E81CE9005829BC /* PodLib */ = {
			isa = PBXGroup;
			children = (
				23803B6B18E81CE9005829BC /* PodLib.h */,
				23803B6D18E81CE9005829BC /* PodLib.m */,
				23803B6918E81CE9005829BC /* Supporting Files */,
			);
			path = PodLib;
			sourceTree = "<group>";
		};
		23803B6918E81CE9005829BC /* Supporting Files */ = {
			isa = PBXGroup;
			children = (
				23803B6A18E81CE9005829BC /* PodLib-Prefix.pch */,
			);
			name = "Supporting Files";
			sourceTree = "<group>";
		};
		23803B7C18E81CE9005829BC /* PodLibTests */ = {
			isa = PBXGroup;
			children = (
				23803B8218E81CE9005829BC /* PodLibTests.m */,
				23803B7D18E81CE9005829BC /* Supporting Files */,
			);
			path = PodLibTests;
			sourceTree = "<group>";
		};
		23803B7D18E81CE9005829BC /* Supporting Files */ = {
			isa = PBXGroup;
			children = (
				23803B7E18E81CE9005829BC /* PodLibTests-Info.plist */,
				23803B7F18E81CE9005829BC /* InfoPlist.strings */,
			);
			name = "Supporting Files";
			sourceTree = "<group>";
		};
/* End PBXGroup section */

/* Begin PBXNativeTarget section */
		23803B6218E81CE9005829BC /* PodLib */ = {
			isa = PBXNativeTarget;
			buildConfigurationList = 23803B8618E81CE9005829BC /* Build configuration list for PBXNativeTarget "PodLib" */;
			buildPhases = (
				23803B5F18E81CE9005829BC /* Sources */,
				23803B6018E81CE9005829BC /* Frameworks */,
				23803B6118E81CE9005829BC /* CopyFiles */,
			);
			buildRules = (
			);
			dependencies = (
			);
			name = PodLib;
			productName = PodLib;
			productReference = 23803B6318E81CE9005829BC /* libPodLib.a */;
			productType = "com.apple.product-type.library.static";
		};
		23803B7218E81CE9005829BC /* PodLibTests */ = {
			isa = PBXNativeTarget;
			buildConfigurationList = 23803B8918E81CE9005829BC /* Build configuration list for PBXNativeTarget "PodLibTests" */;
			buildPhases = (
				23803B6F18E81CE9005829BC /* Sources */,
				23803B7018E81CE9005829BC /* Frameworks */,
				23803B7118E81CE9005829BC /* Resources */,
			);
			buildRules = (
			);
			dependencies = (
				23803B7A18E81CE9005829BC /* PBXTargetDependency */,
			);
			name = PodLibTests;
			productName = PodLibTests;
			productReference = 23803B7318E81CE9005829BC /* PodLibTests.xctest */;
			productType = "com.apple.product-type.bundle.unit-test";
		};
/* End PBXNativeTarget section */

/* Begin PBXProject section */
		23803B5B18E81CE9005829BC /* Project object */ = {
			isa = PBXProject;
			attributes = {
				LastUpgradeCheck = 0510;
				ORGANIZATIONNAME = "Aran Mulholland";
			};
			buildConfigurationList = 23803B5E18E81CE9005829BC /* Build configuration list for PBXProject "PodLib" */;
			compatibilityVersion = "Xcode 3.2";
			developmentRegion = English;
			hasScannedForEncodings = 0;
			knownRegions = (
				en,
			);
			mainGroup = 23803B5A18E81CE9005829BC;
			productRefGroup = 23803B6418E81CE9005829BC /* Products */;
			projectDirPath = "";
			projectRoot = "";
			targets = (
				23803B6218E81CE9005829BC /* PodLib */,
				23803B7218E81CE9005829BC /* PodLibTests */,
			);
		};
/* End PBXProject section */

/* Begin PBXResourcesBuildPhase section */
		23803B7118E81CE9005829BC /* Resources */ = {
			isa = PBXResourcesBuildPhase;
			buildActionMask = 2147483647;
			files = (
				23803B8118E81CE9005829BC /* InfoPlist.strings in Resources */,
			);
			runOnlyForDeploymentPostprocessing = 0;
		};
/* End PBXResourcesBuildPhase section */

/* Begin PBXSourcesBuildPhase section */
		23803B5F18E81CE9005829BC /* Sources */ = {
			isa = PBXSourcesBuildPhase;
			buildActionMask = 2147483647;
			files = (
				23803B6E18E81CE9005829BC /* PodLib.m in Sources */,
			);
			runOnlyForDeploymentPostprocessing = 0;
		};
		23803B6F18E81CE9005829BC /* Sources */ = {
			isa = PBXSourcesBuildPhase;
			buildActionMask = 2147483647;
			files = (
				23803B8318E81CE9005829BC /* PodLibTests.m in Sources */,
			);
			runOnlyForDeploymentPostprocessing = 0;
		};
/* End PBXSourcesBuildPhase section */

/* Begin PBXTargetDependency section */
		23803B7A18E81CE9005829BC /* PBXTargetDependency */ = {
			isa = PBXTargetDependency;
			target = 23803B6218E81CE9005829BC /* PodLib */;
			targetProxy = 23803B7918E81CE9005829BC /* PBXContainerItemProxy */;
		};
/* End PBXTargetDependency section */

/* Begin PBXVariantGroup section */
		23803B7F18E81CE9005829BC /* InfoPlist.strings */ = {
			isa = PBXVariantGroup;
			children = (
				23803B8018E81CE9005829BC /* en */,
			);
			name = InfoPlist.strings;
			sourceTree = "<group>";
		};
/* End PBXVariantGroup section */

/* Begin XCBuildConfiguration section */
		23803B8418E81CE9005829BC /* Debug */ = {
			isa = XCBuildConfiguration;
			buildSettings = {
				ALWAYS_SEARCH_USER_PATHS = NO;
				CLANG_CXX_LANGUAGE_STANDARD = "gnu++0x";
				CLANG_CXX_LIBRARY = "libc++";
				CLANG_ENABLE_MODULES = YES;
				CLANG_ENABLE_OBJC_ARC = YES;
				CLANG_WARN_BOOL_CONVERSION = YES;
				CLANG_WARN_CONSTANT_CONVERSION = YES;
				CLANG_WARN_DIRECT_OBJC_ISA_USAGE = YES_ERROR;
				CLANG_WARN_EMPTY_BODY = YES;
				CLANG_WARN_ENUM_CONVERSION = YES;
				CLANG_WARN_INT_CONVERSION = YES;
				CLANG_WARN_OBJC_ROOT_CLASS = YES_ERROR;
				CLANG_WARN__DUPLICATE_METHOD_MATCH = YES;
				COPY_PHASE_STRIP = NO;
				GCC_C_LANGUAGE_STANDARD = gnu99;
				GCC_DYNAMIC_NO_PIC = NO;
				GCC_OPTIMIZATION_LEVEL = 0;
				GCC_PREPROCESSOR_DEFINITIONS = (
					"DEBUG=1",
					"$(inherited)",
				);
				GCC_SYMBOLS_PRIVATE_EXTERN = NO;
				GCC_WARN_64_TO_32_BIT_CONVERSION = YES;
				GCC_WARN_ABOUT_RETURN_TYPE = YES_ERROR;
				GCC_WARN_UNDECLARED_SELECTOR = YES;
				GCC_WARN_UNINITIALIZED_AUTOS = YES_AGGRESSIVE;
				GCC_WARN_UNUSED_FUNCTION = YES;
				GCC_WARN_UNUSED_VARIABLE = YES;
				IPHONEOS_DEPLOYMENT_TARGET = 7.1;
				ONLY_ACTIVE_ARCH = YES;
				SDKROOT = iphoneos;
			};
			name = Debug;
		};
		23803B8518E81CE9005829BC /* Release */ = {
			isa = XCBuildConfiguration;
			buildSettings = {
				ALWAYS_SEARCH_USER_PATHS = NO;
				CLANG_CXX_LANGUAGE_STANDARD = "gnu++0x";
				CLANG_CXX_LIBRARY = "libc++";
				CLANG_ENABLE_MODULES = YES;
				CLANG_ENABLE_OBJC_ARC = YES;
				CLANG_WARN_BOOL_CONVERSION = YES;
				CLANG_WARN_CONSTANT_CONVERSION = YES;
				CLANG_WARN_DIRECT_OBJC_ISA_USAGE = YES_ERROR;
				CLANG_WARN_EMPTY_BODY = YES;
				CLANG_WARN_ENUM_CONVERSION = YES;
				CLANG_WARN_INT_CONVERSION = YES;
				CLANG_WARN_OBJC_ROOT_CLASS = YES_ERROR;
				CLANG_WARN__DUPLICATE_METHOD_MATCH = YES;
				COPY_PHASE_STRIP = YES;
				ENABLE_NS_ASSERTIONS = NO;
				GCC_C_LANGUAGE_STANDARD = gnu99;
				GCC_WARN_64_TO_32_BIT_CONVERSION = YES;
				GCC_WARN_ABOUT_RETURN_TYPE = YES_ERROR;
				GCC_WARN_UNDECLARED_SELECTOR = YES;
				GCC_WARN_UNINITIALIZED_AUTOS = YES_AGGRESSIVE;
				GCC_WARN_UNUSED_FUNCTION = YES;
				GCC_WARN_UNUSED_VARIABLE = YES;
				IPHONEOS_DEPLOYMENT_TARGET = 7.1;
				SDKROOT = iphoneos;
				VALIDATE_PRODUCT = YES;
			};
			name = Release;
		};
		23803B8718E81CE9005829BC /* Debug */ = {
			isa = XCBuildConfiguration;
			buildSettings = {
				DSTROOT = /tmp/PodLib.dst;
				GCC_PRECOMPILE_PREFIX_HEADER = YES;
				GCC_PREFIX_HEADER = "PodLib/PodLib-Prefix.pch";
				OTHER_LDFLAGS = "-ObjC";
				PRODUCT_NAME = "$(TARGET_NAME)";
				SKIP_INSTALL = YES;
			};
			name = Debug;
		};
		23803B8818E81CE9005829BC /* Release */ = {
			isa = XCBuildConfiguration;
			buildSettings = {
				DSTROOT = /tmp/PodLib.dst;
				GCC_PRECOMPILE_PREFIX_HEADER = YES;
				GCC_PREFIX_HEADER = "PodLib/PodLib-Prefix.pch";
				OTHER_LDFLAGS = "-ObjC";
				PRODUCT_NAME = "$(TARGET_NAME)";
				SKIP_INSTALL = YES;
			};
			name = Release;
		};
		23803B8A18E81CE9005829BC /* Debug */ = {
			isa = XCBuildConfiguration;
			buildSettings = {
				FRAMEWORK_SEARCH_PATHS = (
					"$(SDKROOT)/Developer/Library/Frameworks",
					"$(inherited)",
					"$(DEVELOPER_FRAMEWORKS_DIR)",
				);
				GCC_PRECOMPILE_PREFIX_HEADER = YES;
				GCC_PREFIX_HEADER = "PodLib/PodLib-Prefix.pch";
				GCC_PREPROCESSOR_DEFINITIONS = (
					"DEBUG=1",
					"$(inherited)",
				);
				INFOPLIST_FILE = "PodLibTests/PodLibTests-Info.plist";
				PRODUCT_NAME = "$(TARGET_NAME)";
				WRAPPER_EXTENSION = xctest;
			};
			name = Debug;
		};
		23803B8B18E81CE9005829BC /* Release */ = {
			isa = XCBuildConfiguration;
			buildSettings = {
				FRAMEWORK_SEARCH_PATHS = (
					"$(SDKROOT)/Developer/Library/Frameworks",
					"$(inherited)",
					"$(DEVELOPER_FRAMEWORKS_DIR)",
				);
				GCC_PRECOMPILE_PREFIX_HEADER = YES;
				GCC_PREFIX_HEADER = "PodLib/PodLib-Prefix.pch";
				INFOPLIST_FILE = "PodLibTests/PodLibTests-Info.plist";
				PRODUCT_NAME = "$(TARGET_NAME)";
				WRAPPER_EXTENSION = xctest;
			};
			name = Release;
		};
/* End XCBuildConfiguration section */

/* Begin XCConfigurationList section */
		23803B5E18E81CE9005829BC /* Build configuration list for PBXProject "PodLib" */ = {
			isa = XCConfigurationList;
			buildConfigurations = (
				23803B8418E81CE9005829BC /* Debug */,
				23803B8518E81CE9005829BC /* Release */,
			);
			defaultConfigurationIsVisible = 0;
			defaultConfigurationName = Release;
		};
		23803B8618E81CE9005829BC /* Build configuration list for PBXNativeTarget "PodLib" */ = {
			isa = XCConfigurationList;
			buildConfigurations = (
				23803B8718E81CE9005829BC /* Debug */,
				23803B8818E81CE9005829BC /* Release */,
			);
			defaultConfigurationIsVisible = 0;
		};
		23803B8918E81CE9005829BC /* Build configuration list for PBXNativeTarget "PodLibTests" */ = {
			isa = XCConfigurationList;
			buildConfigurations = (
				23803B8A18E81CE9005829BC /* Debug */,
				23803B8B18E81CE9005829BC /* Release */,
			);
			defaultConfigurationIsVisible = 0;
		};
/* End XCConfigurationList section */
	};
	rootObject = 23803B5B18E81CE9005829BC /* Project object */;
}
